
Microsoft Visual Studio Solution File, Format Version 12.00
# Visual Studio Version 16
VisualStudioVersion = 16.0.30225.117
MinimumVisualStudioVersion = 10.0.40219.1
Project("{FAE04EC0-301F-11D3-BF4B-00C04F79EFBC}") = "App1.Android", "App1\App1.Android\App1.Android.csproj", "{21D358B4-3C2C-4EFD-B3DE-D1B5F40C58F2}"
EndProject
Project("{FAE04EC0-301F-11D3-BF4B-00C04F79EFBC}") = "App1.iOS", "App1\App1.iOS\App1.iOS.csproj", "{7CAAAB92-2D92-4510-A7F0-84EED57B4DE1}"
EndProject
Project("{FAE04EC0-301F-11D3-BF4B-00C04F79EFBC}") = "App1", "App1\App1\App1.csproj", "{7FC6B091-E9E3-4B32-8226-F015C94D87CB}"
EndProject
Global
	GlobalSection(SolutionConfigurationPlatforms) = preSolution
		Debug|Any CPU = Debug|Any CPU
		Debug|iPhone = Debug|iPhone
		Debug|iPhoneSimulator = Debug|iPhoneSimulator
		Release|Any CPU = Release|Any CPU
		Release|iPhone = Release|iPhone
		Release|iPhoneSimulator = Release|iPhoneSimulator
	EndGlobalSection
	GlobalSection(ProjectConfigurationPlatforms) = postSolution
		{21D358B4-3C2C-4EFD-B3DE-D1B5F40C58F2}.Debug|Any CPU.ActiveCfg = Debug|Any CPU
		{21D358B4-3C2C-4EFD-B3DE-D1B5F40C58F2}.Debug|Any CPU.Build.0 = Debug|Any CPU
		{21D358B4-3C2C-4EFD-B3DE-D1B5F40C58F2}.Debug|Any CPU.Deploy.0 = Debug|Any CPU
		{21D358B4-3C2C-4EFD-B3DE-D1B5F40C58F2}.Debug|iPhone.ActiveCfg = Debug|Any CPU
		{21D358B4-3C2C-4EFD-B3DE-D1B5F40C58F2}.Debug|iPhone.Build.0 = Debug|Any CPU
		{21D358B4-3C2C-4EFD-B3DE-D1B5F40C58F2}.Debug|iPhone.Deploy.0 = Debug|Any CPU
		{21D358B4-3C2C-4EFD-B3DE-D1B5F40C58F2}.Debug|iPhoneSimulator.ActiveCfg = Debug|Any CPU
		{21D358B4-3C2C-4EFD-B3DE-D1B5F40C58F2}.Debug|iPhoneSimulator.Build.0 = Debug|Any CPU
		{21D358B4-3C2C-4EFD-B3DE-D1B5F40C58F2}.Debug|iPhoneSimulator.Deploy.0 = Debug|Any CPU
		{21D358B4-3C2C-4EFD-B3DE-D1B5F40C58F2}.Release|Any CPU.ActiveCfg = Release|Any CPU
		{21D358B4-3C2C-4EFD-B3DE-D1B5F40C58F2}.Release|Any CPU.Build.0 = Release|Any CPU
		{21D358B4-3C2C-4EFD-B3DE-D1B5F40C58F2}.Release|Any CPU.Deploy.0 = Release|Any CPU
		{21D358B4-3C2C-4EFD-B3DE-D1B5F40C58F2}.Release|iPhone.ActiveCfg = Release|Any CPU
		{21D358B4-3C2C-4EFD-B3DE-D1B5F40C58F2}.Release|iPhone.Build.0 = Release|Any CPU
		{21D358B4-3C2C-4EFD-B3DE-D1B5F40C58F2}.Release|iPhone.Deploy.0 = Release|Any CPU
		{21D358B4-3C2C-4EFD-B3DE-D1B5F40C58F2}.Release|iPhoneSimulator.ActiveCfg = Release|Any CPU
		{21D358B4-3C2C-4EFD-B3DE-D1B5F40C58F2}.Release|iPhoneSimulator.Build.0 = Release|Any CPU
		{21D358B4-3C2C-4EFD-B3DE-D1B5F40C58F2}.Release|iPhoneSimulator.Deploy.0 = Release|Any CPU
		{7CAAAB92-2D92-4510-A7F0-84EED57B4DE1}.Debug|Any CPU.ActiveCfg = Debug|iPhone
		{7CAAAB92-2D92-4510-A7F0-84EED57B4DE1}.Debug|iPhone.ActiveCfg = Debug|iPhone
		{7CAAAB92-2D92-4510-A7F0-84EED57B4DE1}.Debug|iPhone.Build.0 = Debug|iPhone
		{7CAAAB92-2D92-4510-A7F0-84EED57B4DE1}.Debug|iPhoneSimulator.ActiveCfg = Debug|iPhoneSimulator
		{7CAAAB92-2D92-4510-A7F0-84EED57B4DE1}.Debug|iPhoneSimulator.Build.0 = Debug|iPhoneSimulator
		{7CAAAB92-2D92-4510-A7F0-84EED57B4DE1}.Release|Any CPU.ActiveCfg = Release|iPhone
		{7CAAAB92-2D92-4510-A7F0-84EED57B4DE1}.Release|iPhone.ActiveCfg = Release|iPhone
		{7CAAAB92-2D92-4510-A7F0-84EED57B4DE1}.Release|iPhone.Build.0 = Release|iPhone
		{7CAAAB92-2D92-4510-A7F0-84EED57B4DE1}.Release|iPhoneSimulator.ActiveCfg = Release|iPhoneSimulator
		{7CAAAB92-2D92-4510-A7F0-84EED57B4DE1}.Release|iPhoneSimulator.Build.0 = Release|iPhoneSimulator
		{7FC6B091-E9E3-4B32-8226-F015C94D87CB}.Debug|Any CPU.ActiveCfg = Debug|Any CPU
		{7FC6B091-E9E3-4B32-8226-F015C94D87CB}.Debug|Any CPU.Build.0 = Debug|Any CPU
		{7FC6B091-E9E3-4B32-8226-F015C94D87CB}.Debug|iPhone.ActiveCfg = Debug|Any CPU
		{7FC6B091-E9E3-4B32-8226-F015C94D87CB}.Debug|iPhone.Build.0 = Debug|Any CPU
		{7FC6B091-E9E3-4B32-8226-F015C94D87CB}.Debug|iPhoneSimulator.ActiveCfg = Debug|Any CPU
		{7FC6B091-E9E3-4B32-8226-F015C94D87CB}.Debug|iPhoneSimulator.Build.0 = Debug|Any CPU
		{7FC6B091-E9E3-4B32-8226-F015C94D87CB}.Release|Any CPU.ActiveCfg = Release|Any CPU
		{7FC6B091-E9E3-4B32-8226-F015C94D87CB}.Release|Any CPU.Build.0 = Release|Any CPU
		{7FC6B091-E9E3-4B32-8226-F015C94D87CB}.Release|iPhone.ActiveCfg = Release|Any CPU
		{7FC6B091-E9E3-4B32-8226-F015C94D87CB}.Release|iPhone.Build.0 = Release|Any CPU
		{7FC6B091-E9E3-4B32-8226-F015C94D87CB}.Release|iPhoneSimulator.ActiveCfg = Release|Any CPU
		{7FC6B091-E9E3-4B32-8226-F015C94D87CB}.Release|iPhoneSimulator.Build.0 = Release|Any CPU
	EndGlobalSection
	GlobalSection(SolutionProperties) = preSolution
		HideSolutionNode = FALSE
	EndGlobalSection
	GlobalSection(ExtensibilityGlobals) = postSolution
		SolutionGuid = {0E3EC856-D309-4F12-AF81-731F23F68AA2}
	EndGlobalSection
EndGlobal
