
Microsoft Visual Studio Solution File, Format Version 12.00
# Visual Studio Version 16
VisualStudioVersion = 16.0.30225.117
MinimumVisualStudioVersion = 10.0.40219.1
Project("{FAE04EC0-301F-11D3-BF4B-00C04F79EFBC}") = "mobile.Android", "mobile\mobile.Android\mobile.Android.csproj", "{7419B536-64AC-4282-8AC5-29AF79D32C97}"
EndProject
Project("{FAE04EC0-301F-11D3-BF4B-00C04F79EFBC}") = "mobile.iOS", "mobile\mobile.iOS\mobile.iOS.csproj", "{361E6048-C526-427E-ADC8-B3ECAEFB5F5C}"
EndProject
Project("{FAE04EC0-301F-11D3-BF4B-00C04F79EFBC}") = "mobile", "mobile\mobile\mobile.csproj", "{4DC97B36-21F5-4E90-9AB4-5AC23F2BC283}"
EndProject
Global
	GlobalSection(SolutionConfigurationPlatforms) = preSolution
		Debug|Any CPU = Debug|Any CPU
		Debug|iPhone = Debug|iPhone
		Debug|iPhoneSimulator = Debug|iPhoneSimulator
		Release|Any CPU = Release|Any CPU
		Release|iPhone = Release|iPhone
		Release|iPhoneSimulator = Release|iPhoneSimulator
	EndGlobalSection
	GlobalSection(ProjectConfigurationPlatforms) = postSolution
		{7419B536-64AC-4282-8AC5-29AF79D32C97}.Debug|Any CPU.ActiveCfg = Debug|Any CPU
		{7419B536-64AC-4282-8AC5-29AF79D32C97}.Debug|Any CPU.Build.0 = Debug|Any CPU
		{7419B536-64AC-4282-8AC5-29AF79D32C97}.Debug|Any CPU.Deploy.0 = Debug|Any CPU
		{7419B536-64AC-4282-8AC5-29AF79D32C97}.Debug|iPhone.ActiveCfg = Debug|Any CPU
		{7419B536-64AC-4282-8AC5-29AF79D32C97}.Debug|iPhone.Build.0 = Debug|Any CPU
		{7419B536-64AC-4282-8AC5-29AF79D32C97}.Debug|iPhone.Deploy.0 = Debug|Any CPU
		{7419B536-64AC-4282-8AC5-29AF79D32C97}.Debug|iPhoneSimulator.ActiveCfg = Debug|Any CPU
		{7419B536-64AC-4282-8AC5-29AF79D32C97}.Debug|iPhoneSimulator.Build.0 = Debug|Any CPU
		{7419B536-64AC-4282-8AC5-29AF79D32C97}.Debug|iPhoneSimulator.Deploy.0 = Debug|Any CPU
		{7419B536-64AC-4282-8AC5-29AF79D32C97}.Release|Any CPU.ActiveCfg = Release|Any CPU
		{7419B536-64AC-4282-8AC5-29AF79D32C97}.Release|Any CPU.Build.0 = Release|Any CPU
		{7419B536-64AC-4282-8AC5-29AF79D32C97}.Release|Any CPU.Deploy.0 = Release|Any CPU
		{7419B536-64AC-4282-8AC5-29AF79D32C97}.Release|iPhone.ActiveCfg = Release|Any CPU
		{7419B536-64AC-4282-8AC5-29AF79D32C97}.Release|iPhone.Build.0 = Release|Any CPU
		{7419B536-64AC-4282-8AC5-29AF79D32C97}.Release|iPhone.Deploy.0 = Release|Any CPU
		{7419B536-64AC-4282-8AC5-29AF79D32C97}.Release|iPhoneSimulator.ActiveCfg = Release|Any CPU
		{7419B536-64AC-4282-8AC5-29AF79D32C97}.Release|iPhoneSimulator.Build.0 = Release|Any CPU
		{7419B536-64AC-4282-8AC5-29AF79D32C97}.Release|iPhoneSimulator.Deploy.0 = Release|Any CPU
		{361E6048-C526-427E-ADC8-B3ECAEFB5F5C}.Debug|Any CPU.ActiveCfg = Debug|iPhone
		{361E6048-C526-427E-ADC8-B3ECAEFB5F5C}.Debug|Any CPU.Build.0 = Debug|iPhone
		{361E6048-C526-427E-ADC8-B3ECAEFB5F5C}.Debug|Any CPU.Deploy.0 = Debug|iPhone
		{361E6048-C526-427E-ADC8-B3ECAEFB5F5C}.Debug|iPhone.ActiveCfg = Debug|iPhone
		{361E6048-C526-427E-ADC8-B3ECAEFB5F5C}.Debug|iPhone.Build.0 = Debug|iPhone
		{361E6048-C526-427E-ADC8-B3ECAEFB5F5C}.Debug|iPhone.Deploy.0 = Debug|iPhone
		{361E6048-C526-427E-ADC8-B3ECAEFB5F5C}.Debug|iPhoneSimulator.ActiveCfg = Debug|iPhoneSimulator
		{361E6048-C526-427E-ADC8-B3ECAEFB5F5C}.Debug|iPhoneSimulator.Build.0 = Debug|iPhoneSimulator
		{361E6048-C526-427E-ADC8-B3ECAEFB5F5C}.Debug|iPhoneSimulator.Deploy.0 = Debug|iPhoneSimulator
		{361E6048-C526-427E-ADC8-B3ECAEFB5F5C}.Release|Any CPU.ActiveCfg = Release|iPhone
		{361E6048-C526-427E-ADC8-B3ECAEFB5F5C}.Release|Any CPU.Build.0 = Release|iPhone
		{361E6048-C526-427E-ADC8-B3ECAEFB5F5C}.Release|Any CPU.Deploy.0 = Release|iPhone
		{361E6048-C526-427E-ADC8-B3ECAEFB5F5C}.Release|iPhone.ActiveCfg = Release|iPhone
		{361E6048-C526-427E-ADC8-B3ECAEFB5F5C}.Release|iPhone.Build.0 = Release|iPhone
		{361E6048-C526-427E-ADC8-B3ECAEFB5F5C}.Release|iPhone.Deploy.0 = Release|iPhone
		{361E6048-C526-427E-ADC8-B3ECAEFB5F5C}.Release|iPhoneSimulator.ActiveCfg = Release|iPhoneSimulator
		{361E6048-C526-427E-ADC8-B3ECAEFB5F5C}.Release|iPhoneSimulator.Build.0 = Release|iPhoneSimulator
		{361E6048-C526-427E-ADC8-B3ECAEFB5F5C}.Release|iPhoneSimulator.Deploy.0 = Release|iPhoneSimulator
		{4DC97B36-21F5-4E90-9AB4-5AC23F2BC283}.Debug|Any CPU.ActiveCfg = Debug|Any CPU
		{4DC97B36-21F5-4E90-9AB4-5AC23F2BC283}.Debug|Any CPU.Build.0 = Debug|Any CPU
		{4DC97B36-21F5-4E90-9AB4-5AC23F2BC283}.Debug|Any CPU.Deploy.0 = Debug|Any CPU
		{4DC97B36-21F5-4E90-9AB4-5AC23F2BC283}.Debug|iPhone.ActiveCfg = Debug|Any CPU
		{4DC97B36-21F5-4E90-9AB4-5AC23F2BC283}.Debug|iPhone.Build.0 = Debug|Any CPU
		{4DC97B36-21F5-4E90-9AB4-5AC23F2BC283}.Debug|iPhone.Deploy.0 = Debug|Any CPU
		{4DC97B36-21F5-4E90-9AB4-5AC23F2BC283}.Debug|iPhoneSimulator.ActiveCfg = Debug|Any CPU
		{4DC97B36-21F5-4E90-9AB4-5AC23F2BC283}.Debug|iPhoneSimulator.Build.0 = Debug|Any CPU
		{4DC97B36-21F5-4E90-9AB4-5AC23F2BC283}.Debug|iPhoneSimulator.Deploy.0 = Debug|Any CPU
		{4DC97B36-21F5-4E90-9AB4-5AC23F2BC283}.Release|Any CPU.ActiveCfg = Release|Any CPU
		{4DC97B36-21F5-4E90-9AB4-5AC23F2BC283}.Release|Any CPU.Build.0 = Release|Any CPU
		{4DC97B36-21F5-4E90-9AB4-5AC23F2BC283}.Release|Any CPU.Deploy.0 = Release|Any CPU
		{4DC97B36-21F5-4E90-9AB4-5AC23F2BC283}.Release|iPhone.ActiveCfg = Release|Any CPU
		{4DC97B36-21F5-4E90-9AB4-5AC23F2BC283}.Release|iPhone.Build.0 = Release|Any CPU
		{4DC97B36-21F5-4E90-9AB4-5AC23F2BC283}.Release|iPhone.Deploy.0 = Release|Any CPU
		{4DC97B36-21F5-4E90-9AB4-5AC23F2BC283}.Release|iPhoneSimulator.ActiveCfg = Release|Any CPU
		{4DC97B36-21F5-4E90-9AB4-5AC23F2BC283}.Release|iPhoneSimulator.Build.0 = Release|Any CPU
		{4DC97B36-21F5-4E90-9AB4-5AC23F2BC283}.Release|iPhoneSimulator.Deploy.0 = Release|Any CPU
	EndGlobalSection
	GlobalSection(SolutionProperties) = preSolution
		HideSolutionNode = FALSE
	EndGlobalSection
	GlobalSection(ExtensibilityGlobals) = postSolution
		SolutionGuid = {0E3EC856-D309-4F12-AF81-731F23F68AA2}
	EndGlobalSection
EndGlobal
